// !$*UTF8*$!
{
	archiveVersion = 1;
	classes = {
	};
	objectVersion = 50;
	objects = {

/* Begin PBXBuildFile section */
		894DF3642481647300CE23B4 /* AppDelegate.swift in Sources */ = {isa = PBXBuildFile; fileRef = 894DF3632481647300CE23B4 /* AppDelegate.swift */; };
		894DF3662481647300CE23B4 /* SceneDelegate.swift in Sources */ = {isa = PBXBuildFile; fileRef = 894DF3652481647300CE23B4 /* SceneDelegate.swift */; };
		894DF3682481647300CE23B4 /* ViewController.swift in Sources */ = {isa = PBXBuildFile; fileRef = 894DF3672481647300CE23B4 /* ViewController.swift */; };
		894DF36B2481647300CE23B4 /* Main.storyboard in Resources */ = {isa = PBXBuildFile; fileRef = 894DF3692481647300CE23B4 /* Main.storyboard */; };
		894DF36D2481647600CE23B4 /* Assets.xcassets in Resources */ = {isa = PBXBuildFile; fileRef = 894DF36C2481647600CE23B4 /* Assets.xcassets */; };
		894DF3702481647600CE23B4 /* LaunchScreen.storyboard in Resources */ = {isa = PBXBuildFile; fileRef = 894DF36E2481647600CE23B4 /* LaunchScreen.storyboard */; };
		894DF378248170EF00CE23B4 /* CalculatorViewController.swift in Sources */ = {isa = PBXBuildFile; fileRef = 894DF377248170EF00CE23B4 /* CalculatorViewController.swift */; };
/* End PBXBuildFile section */

/* Begin PBXFileReference section */
		894DF3602481647300CE23B4 /* what.app */ = {isa = PBXFileReference; explicitFileType = wrapper.application; includeInIndex = 0; path = what.app; sourceTree = BUILT_PRODUCTS_DIR; };
		894DF3632481647300CE23B4 /* AppDelegate.swift */ = {isa = PBXFileReference; lastKnownFileType = sourcecode.swift; path = AppDelegate.swift; sourceTree = "<group>"; };
		894DF3652481647300CE23B4 /* SceneDelegate.swift */ = {isa = PBXFileReference; lastKnownFileType = sourcecode.swift; path = SceneDelegate.swift; sourceTree = "<group>"; };
		894DF3672481647300CE23B4 /* ViewController.swift */ = {isa = PBXFileReference; lastKnownFileType = sourcecode.swift; path = ViewController.swift; sourceTree = "<group>"; };
		894DF36A2481647300CE23B4 /* Base */ = {isa = PBXFileReference; lastKnownFileType = file.storyboard; name = Base; path = Base.lproj/Main.storyboard; sourceTree = "<group>"; };
		894DF36C2481647600CE23B4 /* Assets.xcassets */ = {isa = PBXFileReference; lastKnownFileType = folder.assetcatalog; path = Assets.xcassets; sourceTree = "<group>"; };
		894DF36F2481647600CE23B4 /* Base */ = {isa = PBXFileReference; lastKnownFileType = file.storyboard; name = Base; path = Base.lproj/LaunchScreen.storyboard; sourceTree = "<group>"; };
		894DF3712481647600CE23B4 /* Info.plist */ = {isa = PBXFileReference; lastKnownFileType = text.plist.xml; path = Info.plist; sourceTree = "<group>"; };
		894DF377248170EF00CE23B4 /* CalculatorViewController.swift */ = {isa = PBXFileReference; lastKnownFileType = sourcecode.swift; path = CalculatorViewController.swift; sourceTree = "<group>"; };
/* End PBXFileReference section */

/* Begin PBXFrameworksBuildPhase section */
		894DF35D2481647300CE23B4 /* Frameworks */ = {
			isa = PBXFrameworksBuildPhase;
			buildActionMask = 2147483647;
			files = (
			);
			runOnlyForDeploymentPostprocessing = 0;
		};
/* End PBXFrameworksBuildPhase section */

/* Begin PBXGroup section */
		894DF3572481647300CE23B4 = {
			isa = PBXGroup;
			children = (
				894DF3622481647300CE23B4 /* what */,
				894DF3612481647300CE23B4 /* Products */,
			);
			sourceTree = "<group>";
		};
		894DF3612481647300CE23B4 /* Products */ = {
			isa = PBXGroup;
			children = (
				894DF3602481647300CE23B4 /* what.app */,
			);
			name = Products;
			sourceTree = "<group>";
		};
		894DF3622481647300CE23B4 /* what */ = {
			isa = PBXGroup;
			children = (
				894DF3632481647300CE23B4 /* AppDelegate.swift */,
				894DF3652481647300CE23B4 /* SceneDelegate.swift */,
				894DF3672481647300CE23B4 /* ViewController.swift */,
				894DF3692481647300CE23B4 /* Main.storyboard */,
				894DF36C2481647600CE23B4 /* Assets.xcassets */,
				894DF36E2481647600CE23B4 /* LaunchScreen.storyboard */,
				894DF3712481647600CE23B4 /* Info.plist */,
				894DF377248170EF00CE23B4 /* CalculatorViewController.swift */,
			);
			path = what;
			sourceTree = "<group>";
		};
/* End PBXGroup section */

/* Begin PBXNativeTarget section */
		894DF35F2481647300CE23B4 /* what */ = {
			isa = PBXNativeTarget;
			buildConfigurationList = 894DF3742481647600CE23B4 /* Build configuration list for PBXNativeTarget "what" */;
			buildPhases = (
				894DF35C2481647300CE23B4 /* Sources */,
				894DF35D2481647300CE23B4 /* Frameworks */,
				894DF35E2481647300CE23B4 /* Resources */,
			);
			buildRules = (
			);
			dependencies = (
			);
			name = what;
			productName = what;
			productReference = 894DF3602481647300CE23B4 /* what.app */;
			productType = "com.apple.product-type.application";
		};
/* End PBXNativeTarget section */

/* Begin PBXProject section */
		894DF3582481647300CE23B4 /* Project object */ = {
			isa = PBXProject;
			attributes = {
				LastSwiftUpdateCheck = 1150;
				LastUpgradeCheck = 1150;
				ORGANIZATIONNAME = "Florian Chauvain";
				TargetAttributes = {
					894DF35F2481647300CE23B4 = {
						CreatedOnToolsVersion = 11.5;
					};
				};
			};
			buildConfigurationList = 894DF35B2481647300CE23B4 /* Build configuration list for PBXProject "what" */;
			compatibilityVersion = "Xcode 9.3";
			developmentRegion = en;
			hasScannedForEncodings = 0;
			knownRegions = (
				en,
				Base,
			);
			mainGroup = 894DF3572481647300CE23B4;
			productRefGroup = 894DF3612481647300CE23B4 /* Products */;
			projectDirPath = "";
			projectRoot = "";
			targets = (
				894DF35F2481647300CE23B4 /* what */,
			);
		};
/* End PBXProject section */

/* Begin PBXResourcesBuildPhase section */
		894DF35E2481647300CE23B4 /* Resources */ = {
			isa = PBXResourcesBuildPhase;
			buildActionMask = 2147483647;
			files = (
				894DF3702481647600CE23B4 /* LaunchScreen.storyboard in Resources */,
				894DF36D2481647600CE23B4 /* Assets.xcassets in Resources */,
				894DF36B2481647300CE23B4 /* Main.storyboard in Resources */,
			);
			runOnlyForDeploymentPostprocessing = 0;
		};
/* End PBXResourcesBuildPhase section */

/* Begin PBXSourcesBuildPhase section */
		894DF35C2481647300CE23B4 /* Sources */ = {
			isa = PBXSourcesBuildPhase;
			buildActionMask = 2147483647;
			files = (
				894DF3682481647300CE23B4 /* ViewController.swift in Sources */,
				894DF3642481647300CE23B4 /* AppDelegate.swift in Sources */,
				894DF378248170EF00CE23B4 /* CalculatorViewController.swift in Sources */,
				894DF3662481647300CE23B4 /* SceneDelegate.swift in Sources */,
			);
			runOnlyForDeploymentPostprocessing = 0;
		};
/* End PBXSourcesBuildPhase section */

/* Begin PBXVariantGroup section */
		894DF3692481647300CE23B4 /* Main.storyboard */ = {
			isa = PBXVariantGroup;
			children = (
				894DF36A2481647300CE23B4 /* Base */,
			);
			name = Main.storyboard;
			sourceTree = "<group>";
		};
		894DF36E2481647600CE23B4 /* LaunchScreen.storyboard */ = {
			isa = PBXVariantGroup;
			children = (
				894DF36F2481647600CE23B4 /* Base */,
			);
			name = LaunchScreen.storyboard;
			sourceTree = "<group>";
		};
/* End PBXVariantGroup section */

/* Begin XCBuildConfiguration section */
		894DF3722481647600CE23B4 /* Debug */ = {
			isa = XCBuildConfiguration;
			buildSettings = {
				ALWAYS_SEARCH_USER_PATHS = NO;
				CLANG_ANALYZER_NONNULL = YES;
				CLANG_ANALYZER_NUMBER_OBJECT_CONVERSION = YES_AGGRESSIVE;
				CLANG_CXX_LANGUAGE_STANDARD = "gnu++14";
				CLANG_CXX_LIBRARY = "libc++";
				CLANG_ENABLE_MODULES = YES;
				CLANG_ENABLE_OBJC_ARC = YES;
				CLANG_ENABLE_OBJC_WEAK = YES;
				CLANG_WARN_BLOCK_CAPTURE_AUTORELEASING = YES;
				CLANG_WARN_BOOL_CONVERSION = YES;
				CLANG_WARN_COMMA = YES;
				CLANG_WARN_CONSTANT_CONVERSION = YES;
				CLANG_WARN_DEPRECATED_OBJC_IMPLEMENTATIONS = YES;
				CLANG_WARN_DIRECT_OBJC_ISA_USAGE = YES_ERROR;
				CLANG_WARN_DOCUMENTATION_COMMENTS = YES;
				CLANG_WARN_EMPTY_BODY = YES;
				CLANG_WARN_ENUM_CONVERSION = YES;
				CLANG_WARN_INFINITE_RECURSION = YES;
				CLANG_WARN_INT_CONVERSION = YES;
				CLANG_WARN_NON_LITERAL_NULL_CONVERSION = YES;
				CLANG_WARN_OBJC_IMPLICIT_RETAIN_SELF = YES;
				CLANG_WARN_OBJC_LITERAL_CONVERSION = YES;
				CLANG_WARN_OBJC_ROOT_CLASS = YES_ERROR;
				CLANG_WARN_RANGE_LOOP_ANALYSIS = YES;
				CLANG_WARN_STRICT_PROTOTYPES = YES;
				CLANG_WARN_SUSPICIOUS_MOVE = YES;
				CLANG_WARN_UNGUARDED_AVAILABILITY = YES_AGGRESSIVE;
				CLANG_WARN_UNREACHABLE_CODE = YES;
				CLANG_WARN__DUPLICATE_METHOD_MATCH = YES;
				COPY_PHASE_STRIP = NO;
				DEBUG_INFORMATION_FORMAT = dwarf;
				ENABLE_STRICT_OBJC_MSGSEND = YES;
				ENABLE_TESTABILITY = YES;
				GCC_C_LANGUAGE_STANDARD = gnu11;
				GCC_DYNAMIC_NO_PIC = NO;
				GCC_NO_COMMON_BLOCKS = YES;
				GCC_OPTIMIZATION_LEVEL = 0;
				GCC_PREPROCESSOR_DEFINITIONS = (
					"DEBUG=1",
					"$(inherited)",
				);
				GCC_WARN_64_TO_32_BIT_CONVERSION = YES;
				GCC_WARN_ABOUT_RETURN_TYPE = YES_ERROR;
				GCC_WARN_UNDECLARED_SELECTOR = YES;
				GCC_WARN_UNINITIALIZED_AUTOS = YES_AGGRESSIVE;
				GCC_WARN_UNUSED_FUNCTION = YES;
				GCC_WARN_UNUSED_VARIABLE = YES;
				IPHONEOS_DEPLOYMENT_TARGET = 13.5;
				MTL_ENABLE_DEBUG_INFO = INCLUDE_SOURCE;
				MTL_FAST_MATH = YES;
				ONLY_ACTIVE_ARCH = YES;
				SDKROOT = iphoneos;
				SWIFT_ACTIVE_COMPILATION_CONDITIONS = DEBUG;
				SWIFT_OPTIMIZATION_LEVEL = "-Onone";
			};
			name = Debug;
		};
		894DF3732481647600CE23B4 /* Release */ = {
			isa = XCBuildConfiguration;
			buildSettings = {
				ALWAYS_SEARCH_USER_PATHS = NO;
				CLANG_ANALYZER_NONNULL = YES;
				CLANG_ANALYZER_NUMBER_OBJECT_CONVERSION = YES_AGGRESSIVE;
				CLANG_CXX_LANGUAGE_STANDARD = "gnu++14";
				CLANG_CXX_LIBRARY = "libc++";
				CLANG_ENABLE_MODULES = YES;
				CLANG_ENABLE_OBJC_ARC = YES;
				CLANG_ENABLE_OBJC_WEAK = YES;
				CLANG_WARN_BLOCK_CAPTURE_AUTORELEASING = YES;
				CLANG_WARN_BOOL_CONVERSION = YES;
				CLANG_WARN_COMMA = YES;
				CLANG_WARN_CONSTANT_CONVERSION = YES;
				CLANG_WARN_DEPRECATED_OBJC_IMPLEMENTATIONS = YES;
				CLANG_WARN_DIRECT_OBJC_ISA_USAGE = YES_ERROR;
				CLANG_WARN_DOCUMENTATION_COMMENTS = YES;
				CLANG_WARN_EMPTY_BODY = YES;
				CLANG_WARN_ENUM_CONVERSION = YES;
				CLANG_WARN_INFINITE_RECURSION = YES;
				CLANG_WARN_INT_CONVERSION = YES;
				CLANG_WARN_NON_LITERAL_NULL_CONVERSION = YES;
				CLANG_WARN_OBJC_IMPLICIT_RETAIN_SELF = YES;
				CLANG_WARN_OBJC_LITERAL_CONVERSION = YES;
				CLANG_WARN_OBJC_ROOT_CLASS = YES_ERROR;
				CLANG_WARN_RANGE_LOOP_ANALYSIS = YES;
				CLANG_WARN_STRICT_PROTOTYPES = YES;
				CLANG_WARN_SUSPICIOUS_MOVE = YES;
				CLANG_WARN_UNGUARDED_AVAILABILITY = YES_AGGRESSIVE;
				CLANG_WARN_UNREACHABLE_CODE = YES;
				CLANG_WARN__DUPLICATE_METHOD_MATCH = YES;
				COPY_PHASE_STRIP = NO;
				DEBUG_INFORMATION_FORMAT = "dwarf-with-dsym";
				ENABLE_NS_ASSERTIONS = NO;
				ENABLE_STRICT_OBJC_MSGSEND = YES;
				GCC_C_LANGUAGE_STANDARD = gnu11;
				GCC_NO_COMMON_BLOCKS = YES;
				GCC_WARN_64_TO_32_BIT_CONVERSION = YES;
				GCC_WARN_ABOUT_RETURN_TYPE = YES_ERROR;
				GCC_WARN_UNDECLARED_SELECTOR = YES;
				GCC_WARN_UNINITIALIZED_AUTOS = YES_AGGRESSIVE;
				GCC_WARN_UNUSED_FUNCTION = YES;
				GCC_WARN_UNUSED_VARIABLE = YES;
				IPHONEOS_DEPLOYMENT_TARGET = 13.5;
				MTL_ENABLE_DEBUG_INFO = NO;
				MTL_FAST_MATH = YES;
				SDKROOT = iphoneos;
				SWIFT_COMPILATION_MODE = wholemodule;
				SWIFT_OPTIMIZATION_LEVEL = "-O";
				VALIDATE_PRODUCT = YES;
			};
			name = Release;
		};
		894DF3752481647600CE23B4 /* Debug */ = {
			isa = XCBuildConfiguration;
			buildSettings = {
				ASSETCATALOG_COMPILER_APPICON_NAME = AppIcon;
				CODE_SIGN_STYLE = Automatic;
				INFOPLIST_FILE = what/Info.plist;
				LD_RUNPATH_SEARCH_PATHS = (
					"$(inherited)",
					"@executable_path/Frameworks",
				);
				PRODUCT_BUNDLE_IDENTIFIER = SilentCorp.what;
				PRODUCT_NAME = "$(TARGET_NAME)";
				SWIFT_VERSION = 5.0;
				TARGETED_DEVICE_FAMILY = "1,2";
			};
			name = Debug;
		};
		894DF3762481647600CE23B4 /* Release */ = {
			isa = XCBuildConfiguration;
			buildSettings = {
				ASSETCATALOG_COMPILER_APPICON_NAME = AppIcon;
				CODE_SIGN_STYLE = Automatic;
				INFOPLIST_FILE = what/Info.plist;
				LD_RUNPATH_SEARCH_PATHS = (
					"$(inherited)",
					"@executable_path/Frameworks",
				);
				PRODUCT_BUNDLE_IDENTIFIER = SilentCorp.what;
				PRODUCT_NAME = "$(TARGET_NAME)";
				SWIFT_VERSION = 5.0;
				TARGETED_DEVICE_FAMILY = "1,2";
			};
			name = Release;
		};
/* End XCBuildConfiguration section */

/* Begin XCConfigurationList section */
		894DF35B2481647300CE23B4 /* Build configuration list for PBXProject "what" */ = {
			isa = XCConfigurationList;
			buildConfigurations = (
				894DF3722481647600CE23B4 /* Debug */,
				894DF3732481647600CE23B4 /* Release */,
			);
			defaultConfigurationIsVisible = 0;
			defaultConfigurationName = Release;
		};
		894DF3742481647600CE23B4 /* Build configuration list for PBXNativeTarget "what" */ = {
			isa = XCConfigurationList;
			buildConfigurations = (
				894DF3752481647600CE23B4 /* Debug */,
				894DF3762481647600CE23B4 /* Release */,
			);
			defaultConfigurationIsVisible = 0;
			defaultConfigurationName = Release;
		};
/* End XCConfigurationList section */
	};
	rootObject = 894DF3582481647300CE23B4 /* Project object */;
}
